
Microsoft Visual Studio Solution File, Format Version 12.00
# Visual Studio Version 16
VisualStudioVersion = 16.0.29306.81
MinimumVisualStudioVersion = 10.0.40219.1
Project("{8BC9CEB8-8B4A-11D0-8D11-00A0C91BC942}") = "Leet2019", "Leet2019\Leet2019.vcxproj", "{68F99A53-43F1-4CED-A02C-AAFF2EE46587}"
EndProject
Project("{8BC9CEB8-8B4A-11D0-8D11-00A0C91BC942}") = "ConsoleApplication1", "ConsoleApplication1\ConsoleApplication1.vcxproj", "{4D3F9C52-AD82-4F13-8022-1C3DC90483B3}"
EndProject
Global
	GlobalSection(SolutionConfigurationPlatforms) = preSolution
		Debug|Win32 = Debug|Win32
		Debug|x64 = Debug|x64
		Release|Win32 = Release|Win32
		Release|x64 = Release|x64
	EndGlobalSection
	GlobalSection(ProjectConfigurationPlatforms) = postSolution
		{68F99A53-43F1-4CED-A02C-AAFF2EE46587}.Debug|Win32.ActiveCfg = Debug|Win32
		{68F99A53-43F1-4CED-A02C-AAFF2EE46587}.Debug|Win32.Build.0 = Debug|Win32
		{68F99A53-43F1-4CED-A02C-AAFF2EE46587}.Debug|x64.ActiveCfg = Debug|Win32
		{68F99A53-43F1-4CED-A02C-AAFF2EE46587}.Release|Win32.ActiveCfg = Release|Win32
		{68F99A53-43F1-4CED-A02C-AAFF2EE46587}.Release|Win32.Build.0 = Release|Win32
		{68F99A53-43F1-4CED-A02C-AAFF2EE46587}.Release|x64.ActiveCfg = Release|Win32
		{4D3F9C52-AD82-4F13-8022-1C3DC90483B3}.Debug|Win32.ActiveCfg = Debug|Win32
		{4D3F9C52-AD82-4F13-8022-1C3DC90483B3}.Debug|Win32.Build.0 = Debug|Win32
		{4D3F9C52-AD82-4F13-8022-1C3DC90483B3}.Debug|x64.ActiveCfg = Debug|x64
		{4D3F9C52-AD82-4F13-8022-1C3DC90483B3}.Debug|x64.Build.0 = Debug|x64
		{4D3F9C52-AD82-4F13-8022-1C3DC90483B3}.Release|Win32.ActiveCfg = Release|Win32
		{4D3F9C52-AD82-4F13-8022-1C3DC90483B3}.Release|Win32.Build.0 = Release|Win32
		{4D3F9C52-AD82-4F13-8022-1C3DC90483B3}.Release|x64.ActiveCfg = Release|x64
		{4D3F9C52-AD82-4F13-8022-1C3DC90483B3}.Release|x64.Build.0 = Release|x64
	EndGlobalSection
	GlobalSection(SolutionProperties) = preSolution
		HideSolutionNode = FALSE
	EndGlobalSection
	GlobalSection(ExtensibilityGlobals) = postSolution
		SolutionGuid = {8DD80078-058A-40B3-A572-18858B75CA3B}
	EndGlobalSection
EndGlobal
